{
  "name": "@blackbirdjs/component",
  "version": "0.1.1",
  "lockfileVersion": 3,
  "requires": true,
  "packages": {
    "": {
      "name": "@blackbirdjs/component",
      "version": "0.1.1",
      "license": "Apache-2.0",
      "dependencies": {
        "@blackbirdjs/store": "^0.1.0"
      }
    },
    "node_modules/@blackbirdjs/store": {
      "version": "0.1.0",
      "resolved": "https://registry.npmjs.org/@blackbirdjs/store/-/store-0.1.0.tgz",
      "integrity": "sha512-uWAFbu3MmFruFYk6Ih3WmT6YKpfKuU7ox24+IlKof5S72IHC0pJKyfMI6PeY9ve1SgXuz0w5gcFkwriro8FXng==",
      "license": "Apache-2.0"
    }
  }
}
