{
  "name": "@blackbirdjs/component",
  "version": "0.1.2",
  "lockfileVersion": 3,
  "requires": true,
  "packages": {
    "": {
      "name": "@blackbirdjs/component",
      "version": "0.1.2",
      "license": "Apache-2.0",
      "dependencies": {
        "@blackbirdjs/store": "^0.2.0"
      }
    },
    "node_modules/@blackbirdjs/store": {
      "version": "0.2.0",
      "resolved": "https://registry.npmjs.org/@blackbirdjs/store/-/store-0.2.0.tgz",
      "integrity": "sha512-ZrMvTenx5KbLXLL4x47e3qmps8Ke0GaMhMzDxINLu7PTouw6un1MJqgWJqsfaLKSOGRUF4XhEM8zDDm1OMYX4w==",
      "license": "Apache-2.0"
    }
  }
}
